
Microsoft Visual Studio Solution File, Format Version 12.00
# Visual Studio 15
VisualStudioVersion = 15.0.28010.2046
MinimumVisualStudioVersion = 10.0.40219.1
Project("{FAE04EC0-301F-11D3-BF4B-00C04F79EFBC}") = "WebPebbleWQemu", "WebPebbleWQemu\WebPebbleWQemu.csproj", "{5A504DEF-3230-49E4-9C96-51D027EA56D6}"
EndProject
Global
	GlobalSection(SolutionConfigurationPlatforms) = preSolution
		Debug|Any CPU = Debug|Any CPU
		Release|Any CPU = Release|Any CPU
	EndGlobalSection
	GlobalSection(ProjectConfigurationPlatforms) = postSolution
		{5A504DEF-3230-49E4-9C96-51D027EA56D6}.Debug|Any CPU.ActiveCfg = Debug|Any CPU
		{5A504DEF-3230-49E4-9C96-51D027EA56D6}.Debug|Any CPU.Build.0 = Debug|Any CPU
		{5A504DEF-3230-49E4-9C96-51D027EA56D6}.Release|Any CPU.ActiveCfg = Release|Any CPU
		{5A504DEF-3230-49E4-9C96-51D027EA56D6}.Release|Any CPU.Build.0 = Release|Any CPU
	EndGlobalSection
	GlobalSection(SolutionProperties) = preSolution
		HideSolutionNode = FALSE
	EndGlobalSection
	GlobalSection(ExtensibilityGlobals) = postSolution
		SolutionGuid = {4E6AF0D6-D132-4970-AB70-A4FA70EC3AA6}
	EndGlobalSection
EndGlobal
